{
  "object": {
    "pins": [
      {
        "package": "KituraRedisClient",
        "repositoryURL": "https://github.com/reswifq/redis-client-kitura.git",
        "state": {
          "branch": null,
          "revision": "df79d89474445cdb2292da0eb8610b94030aad26",
          "version": "1.3.0"
        }
      },
      {
        "package": "Pool",
        "repositoryURL": "https://github.com/reswifq/pool.git",
        "state": {
          "branch": null,
          "revision": "3b3ad5f98542ed42abe4bbea035591357519e5c5",
          "version": "1.3.0"
        }
      },
      {
        "package": "RedisClient",
        "repositoryURL": "https://github.com/reswifq/redis-client.git",
        "state": {
          "branch": null,
          "revision": "898b043d0a54d2b523e6e603d0bbabde4f21b4a5",
          "version": "1.3.0"
        }
      },
      {
        "package": "Reswifq",
        "repositoryURL": "https://github.com/reswifq/reswifq.git",
        "state": {
          "branch": null,
          "revision": "26440bc01da2ee2438309914420e7ad6efd9cf2d",
          "version": "1.3.0"
        }
      },
      {
        "package": "Socket",
        "repositoryURL": "https://github.com/IBM-Swift/BlueSocket.git",
        "state": {
          "branch": null,
          "revision": "f33e2d3e6da0b5b286073e7091eefd0ca56ebc63",
          "version": "0.12.78"
        }
      },
      {
        "package": "SwiftRedis",
        "repositoryURL": "https://github.com/IBM-Swift/Kitura-redis.git",
        "state": {
          "branch": null,
          "revision": "265c1101816e5284c8a9b099c9e4d0edd92c7061",
          "version": "2.0.0"
        }
      }
    ]
  },
  "version": 1
}
